
Microsoft Visual Studio Solution File, Format Version 12.00
# Visual Studio Version 17
VisualStudioVersion = 17.8.34511.84
MinimumVisualStudioVersion = 10.0.40219.1
Project("{FAE04EC0-301F-11D3-BF4B-00C04F79EFBC}") = "InventoryManagementApp", "InventoryManagementApp\InventoryManagementApp.csproj", "{DE70C81E-9ACE-4F70-96DC-D5096029BEE5}"
EndProject
Project("{FAE04EC0-301F-11D3-BF4B-00C04F79EFBC}") = "InventoryManagementApp.Data", "InventoryMangementApp.Data\InventoryManagementApp.Data.csproj", "{176E114B-0DF0-4F6A-8A33-09DD9CE51613}"
EndProject
Global
	GlobalSection(SolutionConfigurationPlatforms) = preSolution
		Debug|Any CPU = Debug|Any CPU
		Release|Any CPU = Release|Any CPU
	EndGlobalSection
	GlobalSection(ProjectConfigurationPlatforms) = postSolution
		{DE70C81E-9ACE-4F70-96DC-D5096029BEE5}.Debug|Any CPU.ActiveCfg = Debug|Any CPU
		{DE70C81E-9ACE-4F70-96DC-D5096029BEE5}.Debug|Any CPU.Build.0 = Debug|Any CPU
		{DE70C81E-9ACE-4F70-96DC-D5096029BEE5}.Release|Any CPU.ActiveCfg = Release|Any CPU
		{DE70C81E-9ACE-4F70-96DC-D5096029BEE5}.Release|Any CPU.Build.0 = Release|Any CPU
		{176E114B-0DF0-4F6A-8A33-09DD9CE51613}.Debug|Any CPU.ActiveCfg = Debug|Any CPU
		{176E114B-0DF0-4F6A-8A33-09DD9CE51613}.Debug|Any CPU.Build.0 = Debug|Any CPU
		{176E114B-0DF0-4F6A-8A33-09DD9CE51613}.Release|Any CPU.ActiveCfg = Release|Any CPU
		{176E114B-0DF0-4F6A-8A33-09DD9CE51613}.Release|Any CPU.Build.0 = Release|Any CPU
	EndGlobalSection
	GlobalSection(SolutionProperties) = preSolution
		HideSolutionNode = FALSE
	EndGlobalSection
	GlobalSection(ExtensibilityGlobals) = postSolution
		SolutionGuid = {BE7D6DE7-B6BB-445B-BB1E-CFC49355D177}
	EndGlobalSection
EndGlobal
